
Microsoft Visual Studio Solution File, Format Version 12.00
# Visual Studio 15
VisualStudioVersion = 15.0.27428.2011
MinimumVisualStudioVersion = 10.0.40219.1
Project("{FAE04EC0-301F-11D3-BF4B-00C04F79EFBC}") = "nuevorepocodigo", "nuevorepocodigo\nuevorepocodigo.csproj", "{BDBE372B-59F8-4BE8-84AA-9FB2F931DB2E}"
EndProject
Global
	GlobalSection(SolutionConfigurationPlatforms) = preSolution
		Debug|Any CPU = Debug|Any CPU
		Release|Any CPU = Release|Any CPU
	EndGlobalSection
	GlobalSection(ProjectConfigurationPlatforms) = postSolution
		{BDBE372B-59F8-4BE8-84AA-9FB2F931DB2E}.Debug|Any CPU.ActiveCfg = Debug|Any CPU
		{BDBE372B-59F8-4BE8-84AA-9FB2F931DB2E}.Debug|Any CPU.Build.0 = Debug|Any CPU
		{BDBE372B-59F8-4BE8-84AA-9FB2F931DB2E}.Release|Any CPU.ActiveCfg = Release|Any CPU
		{BDBE372B-59F8-4BE8-84AA-9FB2F931DB2E}.Release|Any CPU.Build.0 = Release|Any CPU
	EndGlobalSection
	GlobalSection(SolutionProperties) = preSolution
		HideSolutionNode = FALSE
	EndGlobalSection
	GlobalSection(ExtensibilityGlobals) = postSolution
		SolutionGuid = {8BAB36F5-5528-44AC-976C-35E22EA6215A}
	EndGlobalSection
EndGlobal
